{
  "version": 4,
  "terraform_version": "1.12.2",
  "serial": 22,
  "lineage": "25ec39d8-9d0f-b8ce-6a6f-656c56cae79e",
  "outputs": {
    "minio_access": {
      "value": "To access MinIO API locally: kubectl port-forward svc/minio -n default 9000:9000",
      "type": "string"
    },
    "operator_ui": {
      "value": "To open Postgres Operator UI: kubectl port-forward svc/postgres-operator-ui -n postgres-operator 8081:80 \u0026\u0026 open http://localhost:8081",
      "type": "string"
    },
    "postgres_connect": {
      "value": "Once the cluster is Ready:\n- Primary service:    svc/acid-local-cluster      (namespace: default)\n- Replica service:    svc/acid-local-cluster-repl (namespace: default)\nConnect locally:\n  kubectl port-forward svc/acid-local-cluster -n default 5432:5432\n  PASSWORD=$(kubectl get secret -n default postgres.acid-local-cluster.credentials.app_user -o jsonpath='{.data.password}' | base64 -d)\n\n",
      "type": "string"
    }
  },
  "resources": [
    {
      "mode": "managed",
      "type": "helm_release",
      "name": "local_path_provisioner",
      "provider": "provider[\"registry.terraform.io/hashicorp/helm\"]",
      "instances": [
        {
          "schema_version": 1,
          "attributes": {
            "atomic": false,
            "chart": "local-path-provisioner",
            "cleanup_on_fail": false,
            "create_namespace": false,
            "dependency_update": false,
            "description": null,
            "devel": null,
            "disable_crd_hooks": false,
            "disable_openapi_validation": false,
            "disable_webhooks": false,
            "force_update": false,
            "id": "local-path-provisioner",
            "keyring": null,
            "lint": false,
            "manifest": null,
            "max_history": 0,
            "metadata": [
              {
                "app_version": "v0.0.27",
                "chart": "local-path-provisioner",
                "first_deployed": 1756409864,
                "last_deployed": 1756409864,
                "name": "local-path-provisioner",
                "namespace": "kube-system",
                "notes": "You can create a hostpath-backed persistent volume with a persistent volume claim like this:\n\napiVersion: v1\nkind: PersistentVolumeClaim\nmetadata:\n  name: local-path-pvc\nspec:\n  accessModes:\n    - ReadWriteOnce\n  storageClassName: local-path\n  resources:\n    requests:\n      storage: 2Gi\n",
                "revision": 1,
                "values": "{\"storageClass\":{\"defaultClass\":true}}",
                "version": "0.0.29"
              }
            ],
            "name": "local-path-provisioner",
            "namespace": "kube-system",
            "pass_credentials": false,
            "postrender": [],
            "recreate_pods": false,
            "render_subchart_notes": true,
            "replace": false,
            "repository": "https://charts.containeroo.ch",
            "repository_ca_file": null,
            "repository_cert_file": null,
            "repository_key_file": null,
            "repository_password": null,
            "repository_username": null,
            "reset_values": false,
            "reuse_values": false,
            "set": [],
            "set_list": [],
            "set_sensitive": [],
            "skip_crds": false,
            "status": "deployed",
            "timeout": 300,
            "upgrade_install": null,
            "values": [
              "storageClass:\n  defaultClass: true\n"
            ],
            "verify": false,
            "version": "0.0.29",
            "wait": true,
            "wait_for_jobs": false
          },
          "sensitive_attributes": [
            [
              {
                "type": "get_attr",
                "value": "repository_password"
              }
            ]
          ],
          "identity_schema_version": 0,
          "private": "eyJzY2hlbWFfdmVyc2lvbiI6IjEifQ=="
        }
      ]
    },
    {
      "mode": "managed",
      "type": "helm_release",
      "name": "minio",
      "provider": "provider[\"registry.terraform.io/hashicorp/helm\"]",
      "instances": [
        {
          "schema_version": 1,
          "attributes": {
            "atomic": false,
            "chart": "minio",
            "cleanup_on_fail": false,
            "create_namespace": true,
            "dependency_update": false,
            "description": null,
            "devel": null,
            "disable_crd_hooks": false,
            "disable_openapi_validation": false,
            "disable_webhooks": false,
            "force_update": false,
            "id": "minio",
            "keyring": null,
            "lint": false,
            "manifest": null,
            "max_history": 0,
            "metadata": [
              {
                "app_version": "2023.10.7",
                "chart": "minio",
                "first_deployed": 1756410559,
                "last_deployed": 1756410559,
                "name": "minio",
                "namespace": "minio",
                "notes": "CHART NAME: minio\nCHART VERSION: 12.8.13\nAPP VERSION: 2023.10.7\n\n** Please be patient while the chart is being deployed **\n\nMinIO\u0026reg; can be accessed via port  on the following DNS name from within your cluster:\n\n   minio.minio.svc.cluster.local\n\nTo get your credentials run:\n\n   export ROOT_USER=$(kubectl get secret --namespace minio minio -o jsonpath=\"{.data.root-user}\" | base64 -d)\n   export ROOT_PASSWORD=$(kubectl get secret --namespace minio minio -o jsonpath=\"{.data.root-password}\" | base64 -d)\n\nTo connect to your MinIO\u0026reg; server using a client:\n\n- Run a MinIO\u0026reg; Client pod and append the desired command (e.g. 'admin info'):\n\n   kubectl run --namespace minio minio-client \\\n     --rm --tty -i --restart='Never' \\\n     --env MINIO_SERVER_ROOT_USER=$ROOT_USER \\\n     --env MINIO_SERVER_ROOT_PASSWORD=$ROOT_PASSWORD \\\n     --env MINIO_SERVER_HOST=minio \\\n     --image docker.io/bitnami/minio-client:2023.10.4-debian-11-r1 -- admin info minio\n\nTo access the MinIO\u0026reg; web UI:\n\n- Get the MinIO\u0026reg; URL:\n\n   echo \"MinIO\u0026reg; web URL: http://127.0.0.1:9001/minio\"\n   kubectl port-forward --namespace minio svc/minio 9001:9001\n",
                "revision": 1,
                "values": "{\"accessKey\":{\"password\":\"minioadmin\"},\"defaultBuckets\":\"pg-backups\",\"image\":{\"tag\":\"2024.8.29-debian-12-r0\"},\"persistence\":{\"size\":\"5Gi\"},\"resources\":{\"requests\":{\"cpu\":\"250m\",\"memory\":\"512Mi\"}},\"secretKey\":{\"password\":\"minioadmin\"}}",
                "version": "12.8.13"
              }
            ],
            "name": "minio",
            "namespace": "minio",
            "pass_credentials": false,
            "postrender": [],
            "recreate_pods": false,
            "render_subchart_notes": true,
            "replace": false,
            "repository": "https://charts.bitnami.com/bitnami",
            "repository_ca_file": null,
            "repository_cert_file": null,
            "repository_key_file": null,
            "repository_password": null,
            "repository_username": null,
            "reset_values": false,
            "reuse_values": false,
            "set": [
              {
                "name": "accessKey.password",
                "type": "",
                "value": "minioadmin"
              },
              {
                "name": "defaultBuckets",
                "type": "",
                "value": "pg-backups"
              },
              {
                "name": "image.tag",
                "type": "",
                "value": "2024.8.29-debian-12-r0"
              },
              {
                "name": "persistence.size",
                "type": "",
                "value": "5Gi"
              },
              {
                "name": "resources.requests.cpu",
                "type": "",
                "value": "250m"
              },
              {
                "name": "resources.requests.memory",
                "type": "",
                "value": "512Mi"
              },
              {
                "name": "secretKey.password",
                "type": "",
                "value": "minioadmin"
              }
            ],
            "set_list": [],
            "set_sensitive": [],
            "skip_crds": false,
            "status": "deployed",
            "timeout": 300,
            "upgrade_install": null,
            "values": null,
            "verify": false,
            "version": "12.8.13",
            "wait": true,
            "wait_for_jobs": false
          },
          "sensitive_attributes": [
            [
              {
                "type": "get_attr",
                "value": "repository_password"
              }
            ]
          ],
          "identity_schema_version": 0,
          "private": "eyJzY2hlbWFfdmVyc2lvbiI6IjEifQ=="
        }
      ]
    },
    {
      "mode": "managed",
      "type": "helm_release",
      "name": "postgres_operator",
      "provider": "provider[\"registry.terraform.io/hashicorp/helm\"]",
      "instances": [
        {
          "schema_version": 1,
          "attributes": {
            "atomic": false,
            "chart": "postgres-operator",
            "cleanup_on_fail": false,
            "create_namespace": false,
            "dependency_update": false,
            "description": null,
            "devel": null,
            "disable_crd_hooks": false,
            "disable_openapi_validation": false,
            "disable_webhooks": false,
            "force_update": false,
            "id": "postgres-operator",
            "keyring": null,
            "lint": false,
            "manifest": null,
            "max_history": 0,
            "metadata": [
              {
                "app_version": "1.14.0",
                "chart": "postgres-operator",
                "first_deployed": 1756411437,
                "last_deployed": 1756411437,
                "name": "postgres-operator",
                "namespace": "postgres-operator",
                "notes": "To verify that postgres-operator has started, run:\n\n  kubectl --namespace=postgres-operator get pods -l \"app.kubernetes.io/name=postgres-operator\"\n",
                "revision": 1,
                "values": "{\"configGeneral\":{\"enable_team_id_clustername_prefix\":true},\"configLogicalBackup\":{\"logical_backup_docker_image\":\"registry.opensource.zalan.do/acid/logical-backup:master-35\",\"logical_backup_s3_access_key_id\":\"minioadmin\",\"logical_backup_s3_bucket\":\"postgres-backups\",\"logical_backup_s3_endpoint\":\"http://minio.default.svc.cluster.local:9000\",\"logical_backup_s3_region\":\"us-east-1\",\"logical_backup_s3_secret_access_key\":\"minioadmin\",\"logical_backup_s3_sse\":\"false\",\"logical_backup_schedule\":\"0 3 * * *\"},\"watched_namespace\":\"\"}",
                "version": "1.14.0"
              }
            ],
            "name": "postgres-operator",
            "namespace": "postgres-operator",
            "pass_credentials": false,
            "postrender": [],
            "recreate_pods": false,
            "render_subchart_notes": true,
            "replace": false,
            "repository": "https://opensource.zalando.com/postgres-operator/charts/postgres-operator",
            "repository_ca_file": null,
            "repository_cert_file": null,
            "repository_key_file": null,
            "repository_password": null,
            "repository_username": null,
            "reset_values": false,
            "reuse_values": false,
            "set": [],
            "set_list": [],
            "set_sensitive": [],
            "skip_crds": true,
            "status": "deployed",
            "timeout": 300,
            "upgrade_install": null,
            "values": [
              "\"configGeneral\":\n  \"enable_team_id_clustername_prefix\": true\n\"configLogicalBackup\":\n  \"logical_backup_docker_image\": \"registry.opensource.zalan.do/acid/logical-backup:master-35\"\n  \"logical_backup_s3_access_key_id\": \"minioadmin\"\n  \"logical_backup_s3_bucket\": \"postgres-backups\"\n  \"logical_backup_s3_endpoint\": \"http://minio.default.svc.cluster.local:9000\"\n  \"logical_backup_s3_region\": \"us-east-1\"\n  \"logical_backup_s3_secret_access_key\": \"minioadmin\"\n  \"logical_backup_s3_sse\": \"false\"\n  \"logical_backup_schedule\": \"0 3 * * *\"\n\"watched_namespace\": \"\"\n"
            ],
            "verify": false,
            "version": "1.14.0",
            "wait": true,
            "wait_for_jobs": false
          },
          "sensitive_attributes": [
            [
              {
                "type": "get_attr",
                "value": "repository_password"
              }
            ],
            [
              {
                "type": "get_attr",
                "value": "values"
              },
              {
                "type": "index",
                "value": {
                  "value": 0,
                  "type": "number"
                }
              }
            ]
          ],
          "identity_schema_version": 0,
          "private": "eyJzY2hlbWFfdmVyc2lvbiI6IjEifQ==",
          "dependencies": [
            "helm_release.minio",
            "kubernetes_namespace.operator_ns"
          ]
        }
      ]
    },
    {
      "mode": "managed",
      "type": "helm_release",
      "name": "postgres_operator_ui",
      "provider": "provider[\"registry.terraform.io/hashicorp/helm\"]",
      "instances": [
        {
          "schema_version": 1,
          "attributes": {
            "atomic": false,
            "chart": "postgres-operator-ui",
            "cleanup_on_fail": false,
            "create_namespace": false,
            "dependency_update": false,
            "description": null,
            "devel": null,
            "disable_crd_hooks": false,
            "disable_openapi_validation": false,
            "disable_webhooks": false,
            "force_update": false,
            "id": "postgres-operator-ui",
            "keyring": null,
            "lint": false,
            "manifest": null,
            "max_history": 0,
            "metadata": [
              {
                "app_version": "1.14.0",
                "chart": "postgres-operator-ui",
                "first_deployed": 1756411455,
                "last_deployed": 1756411455,
                "name": "postgres-operator-ui",
                "namespace": "postgres-operator",
                "notes": "To verify that postgres-operator has started, run:\n\n  kubectl --namespace=postgres-operator get pods -l \"app.kubernetes.io/name=postgres-operator-ui\"",
                "revision": 1,
                "values": "{\"envs\":{\"targetNamespace\":\"default\"}}",
                "version": "1.14.0"
              }
            ],
            "name": "postgres-operator-ui",
            "namespace": "postgres-operator",
            "pass_credentials": false,
            "postrender": [],
            "recreate_pods": false,
            "render_subchart_notes": true,
            "replace": false,
            "repository": "https://opensource.zalando.com/postgres-operator/charts/postgres-operator-ui",
            "repository_ca_file": null,
            "repository_cert_file": null,
            "repository_key_file": null,
            "repository_password": null,
            "repository_username": null,
            "reset_values": false,
            "reuse_values": false,
            "set": [
              {
                "name": "envs.targetNamespace",
                "type": "",
                "value": "default"
              }
            ],
            "set_list": [],
            "set_sensitive": [],
            "skip_crds": false,
            "status": "deployed",
            "timeout": 300,
            "upgrade_install": null,
            "values": null,
            "verify": false,
            "version": "1.14.0",
            "wait": true,
            "wait_for_jobs": false
          },
          "sensitive_attributes": [
            [
              {
                "type": "get_attr",
                "value": "repository_password"
              }
            ]
          ],
          "identity_schema_version": 0,
          "private": "eyJzY2hlbWFfdmVyc2lvbiI6IjEifQ==",
          "dependencies": [
            "helm_release.minio",
            "helm_release.postgres_operator",
            "kubernetes_namespace.operator_ns"
          ]
        }
      ]
    },
    {
      "mode": "managed",
      "type": "kubernetes_manifest",
      "name": "postgres_cluster",
      "provider": "provider[\"registry.terraform.io/hashicorp/kubernetes\"]",
      "instances": [
        {
          "schema_version": 1,
          "attributes": {
            "computed_fields": null,
            "field_manager": [],
            "manifest": {
              "value": {
                "apiVersion": "acid.zalan.do/v1",
                "kind": "postgresql",
                "metadata": {
                  "labels": {
                    "team": "acid"
                  },
                  "name": "acid-local-cluster",
                  "namespace": "default"
                },
                "spec": {
                  "databases": {
                    "appdb": "app_user"
                  },
                  "numberOfInstances": 2,
                  "postgresql": {
                    "version": "15"
                  },
                  "teamId": "acid",
                  "users": {
                    "app_user": [
                      "superuser",
                      "createdb"
                    ]
                  },
                  "volume": {
                    "size": "10Gi",
                    "storageClass": "local-path"
                  }
                }
              },
              "type": [
                "object",
                {
                  "apiVersion": "string",
                  "kind": "string",
                  "metadata": [
                    "object",
                    {
                      "labels": [
                        "object",
                        {
                          "team": "string"
                        }
                      ],
                      "name": "string",
                      "namespace": "string"
                    }
                  ],
                  "spec": [
                    "object",
                    {
                      "databases": [
                        "object",
                        {
                          "appdb": "string"
                        }
                      ],
                      "numberOfInstances": "number",
                      "postgresql": [
                        "object",
                        {
                          "version": "string"
                        }
                      ],
                      "teamId": "string",
                      "users": [
                        "object",
                        {
                          "app_user": [
                            "tuple",
                            [
                              "string",
                              "string"
                            ]
                          ]
                        }
                      ],
                      "volume": [
                        "object",
                        {
                          "size": "string",
                          "storageClass": "string"
                        }
                      ]
                    }
                  ]
                }
              ]
            },
            "object": {
              "value": {
                "apiVersion": "acid.zalan.do/v1",
                "kind": "postgresql",
                "metadata": {
                  "annotations": null,
                  "creationTimestamp": null,
                  "deletionGracePeriodSeconds": null,
                  "deletionTimestamp": null,
                  "finalizers": null,
                  "generateName": null,
                  "generation": null,
                  "labels": {
                    "team": "acid"
                  },
                  "managedFields": null,
                  "name": "acid-local-cluster",
                  "namespace": "default",
                  "ownerReferences": null,
                  "resourceVersion": null,
                  "selfLink": null,
                  "uid": null
                },
                "spec": {
                  "additionalVolumes": null,
                  "allowedSourceRanges": null,
                  "clone": {
                    "cluster": null,
                    "s3_access_key_id": null,
                    "s3_endpoint": null,
                    "s3_force_path_style": null,
                    "s3_secret_access_key": null,
                    "s3_wal_path": null,
                    "timestamp": null,
                    "uid": null
                  },
                  "connectionPooler": {
                    "dockerImage": null,
                    "maxDBConnections": null,
                    "mode": null,
                    "numberOfInstances": null,
                    "resources": {
                      "limits": {
                        "cpu": null,
                        "memory": null
                      },
                      "requests": {
                        "cpu": null,
                        "memory": null
                      }
                    },
                    "schema": null,
                    "user": null
                  },
                  "databases": {
                    "appdb": "app_user"
                  },
                  "dockerImage": null,
                  "enableConnectionPooler": null,
                  "enableLogicalBackup": null,
                  "enableMasterLoadBalancer": null,
                  "enableMasterPoolerLoadBalancer": null,
                  "enableReplicaConnectionPooler": null,
                  "enableReplicaLoadBalancer": null,
                  "enableReplicaPoolerLoadBalancer": null,
                  "enableShmVolume": null,
                  "env": null,
                  "initContainers": null,
                  "init_containers": null,
                  "logicalBackupRetention": null,
                  "logicalBackupSchedule": null,
                  "maintenanceWindows": null,
                  "masterServiceAnnotations": null,
                  "nodeAffinity": {
                    "preferredDuringSchedulingIgnoredDuringExecution": null,
                    "requiredDuringSchedulingIgnoredDuringExecution": {
                      "nodeSelectorTerms": null
                    }
                  },
                  "numberOfInstances": 2,
                  "patroni": {
                    "failsafe_mode": null,
                    "initdb": null,
                    "loop_wait": null,
                    "maximum_lag_on_failover": null,
                    "pg_hba": null,
                    "retry_timeout": null,
                    "slots": null,
                    "synchronous_mode": null,
                    "synchronous_mode_strict": null,
                    "synchronous_node_count": null,
                    "ttl": null
                  },
                  "podAnnotations": null,
                  "podPriorityClassName": null,
                  "pod_priority_class_name": null,
                  "postgresql": {
                    "parameters": null,
                    "version": "15"
                  },
                  "preparedDatabases": null,
                  "replicaLoadBalancer": null,
                  "replicaServiceAnnotations": null,
                  "resources": {
                    "limits": {
                      "cpu": null,
                      "hugepages-1Gi": null,
                      "hugepages-2Mi": null,
                      "memory": null
                    },
                    "requests": {
                      "cpu": null,
                      "hugepages-1Gi": null,
                      "hugepages-2Mi": null,
                      "memory": null
                    }
                  },
                  "schedulerName": null,
                  "serviceAnnotations": null,
                  "sidecars": null,
                  "spiloFSGroup": null,
                  "spiloRunAsGroup": null,
                  "spiloRunAsUser": null,
                  "standby": {
                    "gs_wal_path": null,
                    "s3_wal_path": null,
                    "standby_host": null,
                    "standby_port": null
                  },
                  "streams": null,
                  "teamId": "acid",
                  "tls": {
                    "caFile": null,
                    "caSecretName": null,
                    "certificateFile": null,
                    "privateKeyFile": null,
                    "secretName": null
                  },
                  "tolerations": null,
                  "useLoadBalancer": null,
                  "users": {
                    "app_user": [
                      "superuser",
                      "createdb"
                    ]
                  },
                  "usersIgnoringSecretRotation": null,
                  "usersWithInPlaceSecretRotation": null,
                  "usersWithSecretRotation": null,
                  "volume": {
                    "iops": null,
                    "isSubPathExpr": null,
                    "selector": {
                      "matchExpressions": null,
                      "matchLabels": null
                    },
                    "size": "10Gi",
                    "storageClass": "local-path",
                    "subPath": null,
                    "throughput": null
                  }
                }
              },
              "type": [
                "object",
                {
                  "apiVersion": "string",
                  "kind": "string",
                  "metadata": [
                    "object",
                    {
                      "annotations": [
                        "map",
                        "string"
                      ],
                      "creationTimestamp": "string",
                      "deletionGracePeriodSeconds": "number",
                      "deletionTimestamp": "string",
                      "finalizers": [
                        "list",
                        "string"
                      ],
                      "generateName": "string",
                      "generation": "number",
                      "labels": [
                        "map",
                        "string"
                      ],
                      "managedFields": [
                        "tuple",
                        [
                          [
                            "object",
                            {
                              "apiVersion": "string",
                              "fieldsType": "string",
                              "fieldsV1": "dynamic",
                              "manager": "string",
                              "operation": "string",
                              "subresource": "string",
                              "time": "string"
                            }
                          ]
                        ]
                      ],
                      "name": "string",
                      "namespace": "string",
                      "ownerReferences": [
                        "list",
                        [
                          "object",
                          {
                            "apiVersion": "string",
                            "blockOwnerDeletion": "bool",
                            "controller": "bool",
                            "kind": "string",
                            "name": "string",
                            "uid": "string"
                          }
                        ]
                      ],
                      "resourceVersion": "string",
                      "selfLink": "string",
                      "uid": "string"
                    }
                  ],
                  "spec": [
                    "object",
                    {
                      "additionalVolumes": [
                        "tuple",
                        [
                          [
                            "object",
                            {
                              "isSubPathExpr": "bool",
                              "mountPath": "string",
                              "name": "string",
                              "subPath": "string",
                              "targetContainers": [
                                "list",
                                "string"
                              ],
                              "volumeSource": "dynamic"
                            }
                          ]
                        ]
                      ],
                      "allowedSourceRanges": [
                        "list",
                        "string"
                      ],
                      "clone": [
                        "object",
                        {
                          "cluster": "string",
                          "s3_access_key_id": "string",
                          "s3_endpoint": "string",
                          "s3_force_path_style": "bool",
                          "s3_secret_access_key": "string",
                          "s3_wal_path": "string",
                          "timestamp": "string",
                          "uid": "string"
                        }
                      ],
                      "connectionPooler": [
                        "object",
                        {
                          "dockerImage": "string",
                          "maxDBConnections": "number",
                          "mode": "string",
                          "numberOfInstances": "number",
                          "resources": [
                            "object",
                            {
                              "limits": [
                                "object",
                                {
                                  "cpu": "string",
                                  "memory": "string"
                                }
                              ],
                              "requests": [
                                "object",
                                {
                                  "cpu": "string",
                                  "memory": "string"
                                }
                              ]
                            }
                          ],
                          "schema": "string",
                          "user": "string"
                        }
                      ],
                      "databases": [
                        "map",
                        "string"
                      ],
                      "dockerImage": "string",
                      "enableConnectionPooler": "bool",
                      "enableLogicalBackup": "bool",
                      "enableMasterLoadBalancer": "bool",
                      "enableMasterPoolerLoadBalancer": "bool",
                      "enableReplicaConnectionPooler": "bool",
                      "enableReplicaLoadBalancer": "bool",
                      "enableReplicaPoolerLoadBalancer": "bool",
                      "enableShmVolume": "bool",
                      "env": [
                        "tuple",
                        [
                          "dynamic"
                        ]
                      ],
                      "initContainers": [
                        "tuple",
                        [
                          "dynamic"
                        ]
                      ],
                      "init_containers": [
                        "tuple",
                        [
                          "dynamic"
                        ]
                      ],
                      "logicalBackupRetention": "string",
                      "logicalBackupSchedule": "string",
                      "maintenanceWindows": [
                        "list",
                        "string"
                      ],
                      "masterServiceAnnotations": [
                        "map",
                        "string"
                      ],
                      "nodeAffinity": [
                        "object",
                        {
                          "preferredDuringSchedulingIgnoredDuringExecution": [
                            "list",
                            [
                              "object",
                              {
                                "preference": [
                                  "object",
                                  {
                                    "matchExpressions": [
                                      "list",
                                      [
                                        "object",
                                        {
                                          "key": "string",
                                          "operator": "string",
                                          "values": [
                                            "list",
                                            "string"
                                          ]
                                        }
                                      ]
                                    ],
                                    "matchFields": [
                                      "list",
                                      [
                                        "object",
                                        {
                                          "key": "string",
                                          "operator": "string",
                                          "values": [
                                            "list",
                                            "string"
                                          ]
                                        }
                                      ]
                                    ]
                                  }
                                ],
                                "weight": "number"
                              }
                            ]
                          ],
                          "requiredDuringSchedulingIgnoredDuringExecution": [
                            "object",
                            {
                              "nodeSelectorTerms": [
                                "list",
                                [
                                  "object",
                                  {
                                    "matchExpressions": [
                                      "list",
                                      [
                                        "object",
                                        {
                                          "key": "string",
                                          "operator": "string",
                                          "values": [
                                            "list",
                                            "string"
                                          ]
                                        }
                                      ]
                                    ],
                                    "matchFields": [
                                      "list",
                                      [
                                        "object",
                                        {
                                          "key": "string",
                                          "operator": "string",
                                          "values": [
                                            "list",
                                            "string"
                                          ]
                                        }
                                      ]
                                    ]
                                  }
                                ]
                              ]
                            }
                          ]
                        }
                      ],
                      "numberOfInstances": "number",
                      "patroni": [
                        "object",
                        {
                          "failsafe_mode": "bool",
                          "initdb": [
                            "map",
                            "string"
                          ],
                          "loop_wait": "number",
                          "maximum_lag_on_failover": "number",
                          "pg_hba": [
                            "list",
                            "string"
                          ],
                          "retry_timeout": "number",
                          "slots": [
                            "map",
                            [
                              "map",
                              "string"
                            ]
                          ],
                          "synchronous_mode": "bool",
                          "synchronous_mode_strict": "bool",
                          "synchronous_node_count": "number",
                          "ttl": "number"
                        }
                      ],
                      "podAnnotations": [
                        "map",
                        "string"
                      ],
                      "podPriorityClassName": "string",
                      "pod_priority_class_name": "string",
                      "postgresql": [
                        "object",
                        {
                          "parameters": [
                            "map",
                            "string"
                          ],
                          "version": "string"
                        }
                      ],
                      "preparedDatabases": [
                        "map",
                        [
                          "object",
                          {
                            "defaultUsers": "bool",
                            "extensions": [
                              "map",
                              "string"
                            ],
                            "schemas": [
                              "map",
                              [
                                "object",
                                {
                                  "defaultRoles": "bool",
                                  "defaultUsers": "bool"
                                }
                              ]
                            ],
                            "secretNamespace": "string"
                          }
                        ]
                      ],
                      "replicaLoadBalancer": "bool",
                      "replicaServiceAnnotations": [
                        "map",
                        "string"
                      ],
                      "resources": [
                        "object",
                        {
                          "limits": [
                            "object",
                            {
                              "cpu": "string",
                              "hugepages-1Gi": "string",
                              "hugepages-2Mi": "string",
                              "memory": "string"
                            }
                          ],
                          "requests": [
                            "object",
                            {
                              "cpu": "string",
                              "hugepages-1Gi": "string",
                              "hugepages-2Mi": "string",
                              "memory": "string"
                            }
                          ]
                        }
                      ],
                      "schedulerName": "string",
                      "serviceAnnotations": [
                        "map",
                        "string"
                      ],
                      "sidecars": [
                        "tuple",
                        [
                          "dynamic"
                        ]
                      ],
                      "spiloFSGroup": "number",
                      "spiloRunAsGroup": "number",
                      "spiloRunAsUser": "number",
                      "standby": [
                        "object",
                        {
                          "gs_wal_path": "string",
                          "s3_wal_path": "string",
                          "standby_host": "string",
                          "standby_port": "string"
                        }
                      ],
                      "streams": [
                        "list",
                        [
                          "object",
                          {
                            "applicationId": "string",
                            "batchSize": "number",
                            "database": "string",
                            "enableRecovery": "bool",
                            "filter": [
                              "map",
                              "string"
                            ],
                            "tables": [
                              "map",
                              [
                                "object",
                                {
                                  "eventType": "string",
                                  "idColumn": "string",
                                  "payloadColumn": "string",
                                  "recoveryEventType": "string"
                                }
                              ]
                            ]
                          }
                        ]
                      ],
                      "teamId": "string",
                      "tls": [
                        "object",
                        {
                          "caFile": "string",
                          "caSecretName": "string",
                          "certificateFile": "string",
                          "privateKeyFile": "string",
                          "secretName": "string"
                        }
                      ],
                      "tolerations": [
                        "list",
                        [
                          "object",
                          {
                            "effect": "string",
                            "key": "string",
                            "operator": "string",
                            "tolerationSeconds": "number",
                            "value": "string"
                          }
                        ]
                      ],
                      "useLoadBalancer": "bool",
                      "users": [
                        "map",
                        [
                          "list",
                          "string"
                        ]
                      ],
                      "usersIgnoringSecretRotation": [
                        "list",
                        "string"
                      ],
                      "usersWithInPlaceSecretRotation": [
                        "list",
                        "string"
                      ],
                      "usersWithSecretRotation": [
                        "list",
                        "string"
                      ],
                      "volume": [
                        "object",
                        {
                          "iops": "number",
                          "isSubPathExpr": "bool",
                          "selector": [
                            "object",
                            {
                              "matchExpressions": [
                                "list",
                                [
                                  "object",
                                  {
                                    "key": "string",
                                    "operator": "string",
                                    "values": [
                                      "list",
                                      "string"
                                    ]
                                  }
                                ]
                              ],
                              "matchLabels": "dynamic"
                            }
                          ],
                          "size": "string",
                          "storageClass": "string",
                          "subPath": "string",
                          "throughput": "number"
                        }
                      ]
                    }
                  ]
                }
              ]
            },
            "timeouts": [
              {
                "create": "10m",
                "delete": "10m",
                "update": "10m"
              }
            ],
            "wait": [],
            "wait_for": null
          },
          "sensitive_attributes": [],
          "identity_schema_version": 1,
          "identity": {
            "api_version": "acid.zalan.do/v1",
            "kind": "postgresql",
            "name": "acid-local-cluster",
            "namespace": "default"
          },
          "dependencies": [
            "helm_release.minio",
            "helm_release.postgres_operator",
            "kubernetes_namespace.operator_ns",
            "time_sleep.wait_for_postgres_crd"
          ]
        }
      ]
    },
    {
      "mode": "managed",
      "type": "kubernetes_namespace",
      "name": "operator_ns",
      "provider": "provider[\"registry.terraform.io/hashicorp/kubernetes\"]",
      "instances": [
        {
          "schema_version": 0,
          "attributes": {
            "id": "postgres-operator",
            "metadata": [
              {
                "annotations": {},
                "generate_name": "",
                "generation": 0,
                "labels": {},
                "name": "postgres-operator",
                "resource_version": "65081",
                "uid": "5d473ea3-31c2-426c-b8c7-8f849f8c1883"
              }
            ],
            "timeouts": null,
            "wait_for_default_service_account": false
          },
          "sensitive_attributes": [],
          "identity_schema_version": 1,
          "identity": {
            "api_version": "v1",
            "kind": "Namespace",
            "name": "postgres-operator"
          },
          "private": "eyJlMmJmYjczMC1lY2FhLTExZTYtOGY4OC0zNDM2M2JjN2M0YzAiOnsiZGVsZXRlIjozMDAwMDAwMDAwMDB9fQ=="
        }
      ]
    },
    {
      "mode": "managed",
      "type": "time_sleep",
      "name": "wait_for_postgres_crd",
      "provider": "provider[\"registry.terraform.io/hashicorp/time\"]",
      "instances": [
        {
          "schema_version": 0,
          "attributes": {
            "create_duration": "30s",
            "destroy_duration": null,
            "id": "2025-08-28T20:04:41Z",
            "triggers": null
          },
          "sensitive_attributes": [],
          "identity_schema_version": 0,
          "dependencies": [
            "helm_release.minio",
            "helm_release.postgres_operator",
            "kubernetes_namespace.operator_ns"
          ]
        }
      ]
    }
  ],
  "check_results": null
}
